
Microsoft Visual Studio Solution File, Format Version 12.00
# Visual Studio 15
VisualStudioVersion = 15.0.28010.2016
MinimumVisualStudioVersion = 10.0.40219.1
Project("{FAE04EC0-301F-11D3-BF4B-00C04F79EFBC}") = "Autozip", "Autozip\Autozip.csproj", "{6B9FDC96-36BF-4DDE-8271-6D7918A1DB42}"
EndProject
Global
	GlobalSection(SolutionConfigurationPlatforms) = preSolution
		Debug|Any CPU = Debug|Any CPU
		Release|Any CPU = Release|Any CPU
	EndGlobalSection
	GlobalSection(ProjectConfigurationPlatforms) = postSolution
		{6B9FDC96-36BF-4DDE-8271-6D7918A1DB42}.Debug|Any CPU.ActiveCfg = Debug|Any CPU
		{6B9FDC96-36BF-4DDE-8271-6D7918A1DB42}.Debug|Any CPU.Build.0 = Debug|Any CPU
		{6B9FDC96-36BF-4DDE-8271-6D7918A1DB42}.Release|Any CPU.ActiveCfg = Release|Any CPU
		{6B9FDC96-36BF-4DDE-8271-6D7918A1DB42}.Release|Any CPU.Build.0 = Release|Any CPU
	EndGlobalSection
	GlobalSection(SolutionProperties) = preSolution
		HideSolutionNode = FALSE
	EndGlobalSection
	GlobalSection(ExtensibilityGlobals) = postSolution
		SolutionGuid = {7F443D9A-3943-4CEE-BA79-74DF95615A9B}
	EndGlobalSection
EndGlobal
